
Microsoft Visual Studio Solution File, Format Version 12.00
# Visual Studio Version 16
VisualStudioVersion = 16.0.31205.134
MinimumVisualStudioVersion = 10.0.40219.1
Project("{FAE04EC0-301F-11D3-BF4B-00C04F79EFBC}") = "palabras", "palabras\palabras.csproj", "{D0253AED-A40B-41D7-9412-539E1861C868}"
EndProject
Global
	GlobalSection(SolutionConfigurationPlatforms) = preSolution
		Debug|Any CPU = Debug|Any CPU
		Release|Any CPU = Release|Any CPU
	EndGlobalSection
	GlobalSection(ProjectConfigurationPlatforms) = postSolution
		{D0253AED-A40B-41D7-9412-539E1861C868}.Debug|Any CPU.ActiveCfg = Debug|Any CPU
		{D0253AED-A40B-41D7-9412-539E1861C868}.Debug|Any CPU.Build.0 = Debug|Any CPU
		{D0253AED-A40B-41D7-9412-539E1861C868}.Release|Any CPU.ActiveCfg = Release|Any CPU
		{D0253AED-A40B-41D7-9412-539E1861C868}.Release|Any CPU.Build.0 = Release|Any CPU
	EndGlobalSection
	GlobalSection(SolutionProperties) = preSolution
		HideSolutionNode = FALSE
	EndGlobalSection
	GlobalSection(ExtensibilityGlobals) = postSolution
		SolutionGuid = {29FD46D4-63E9-44C6-B4CC-5D69743C79E2}
	EndGlobalSection
EndGlobal
