
Microsoft Visual Studio Solution File, Format Version 12.00
# Visual Studio Version 16
VisualStudioVersion = 16.0.31205.134
MinimumVisualStudioVersion = 10.0.40219.1
Project("{FAE04EC0-301F-11D3-BF4B-00C04F79EFBC}") = "vocales", "vocales\vocales.csproj", "{B55CF543-5E62-4947-821A-F38ABA153CEB}"
EndProject
Global
	GlobalSection(SolutionConfigurationPlatforms) = preSolution
		Debug|Any CPU = Debug|Any CPU
		Release|Any CPU = Release|Any CPU
	EndGlobalSection
	GlobalSection(ProjectConfigurationPlatforms) = postSolution
		{B55CF543-5E62-4947-821A-F38ABA153CEB}.Debug|Any CPU.ActiveCfg = Debug|Any CPU
		{B55CF543-5E62-4947-821A-F38ABA153CEB}.Debug|Any CPU.Build.0 = Debug|Any CPU
		{B55CF543-5E62-4947-821A-F38ABA153CEB}.Release|Any CPU.ActiveCfg = Release|Any CPU
		{B55CF543-5E62-4947-821A-F38ABA153CEB}.Release|Any CPU.Build.0 = Release|Any CPU
	EndGlobalSection
	GlobalSection(SolutionProperties) = preSolution
		HideSolutionNode = FALSE
	EndGlobalSection
	GlobalSection(ExtensibilityGlobals) = postSolution
		SolutionGuid = {3671C365-4DA0-40FD-9BC7-E2BCB694B969}
	EndGlobalSection
EndGlobal
