
Microsoft Visual Studio Solution File, Format Version 12.00
# Visual Studio Version 16
VisualStudioVersion = 16.0.31205.134
MinimumVisualStudioVersion = 10.0.40219.1
Project("{FAE04EC0-301F-11D3-BF4B-00C04F79EFBC}") = "camtidadVocales", "camtidadVocales\camtidadVocales.csproj", "{B3148776-A522-434C-85AE-D1A6CE7E9482}"
EndProject
Global
	GlobalSection(SolutionConfigurationPlatforms) = preSolution
		Debug|Any CPU = Debug|Any CPU
		Release|Any CPU = Release|Any CPU
	EndGlobalSection
	GlobalSection(ProjectConfigurationPlatforms) = postSolution
		{B3148776-A522-434C-85AE-D1A6CE7E9482}.Debug|Any CPU.ActiveCfg = Debug|Any CPU
		{B3148776-A522-434C-85AE-D1A6CE7E9482}.Debug|Any CPU.Build.0 = Debug|Any CPU
		{B3148776-A522-434C-85AE-D1A6CE7E9482}.Release|Any CPU.ActiveCfg = Release|Any CPU
		{B3148776-A522-434C-85AE-D1A6CE7E9482}.Release|Any CPU.Build.0 = Release|Any CPU
	EndGlobalSection
	GlobalSection(SolutionProperties) = preSolution
		HideSolutionNode = FALSE
	EndGlobalSection
	GlobalSection(ExtensibilityGlobals) = postSolution
		SolutionGuid = {E953D14B-B9A5-4CB5-96F9-D907E12AA608}
	EndGlobalSection
EndGlobal
