
Microsoft Visual Studio Solution File, Format Version 12.00
# Visual Studio Version 17
VisualStudioVersion = 17.1.32328.378
MinimumVisualStudioVersion = 10.0.40219.1
Project("{FAE04EC0-301F-11D3-BF4B-00C04F79EFBC}") = "pilasYcolas", "pilasYcolas\pilasYcolas.csproj", "{C8873827-F4CC-4046-8509-11818AAC8240}"
EndProject
Global
	GlobalSection(SolutionConfigurationPlatforms) = preSolution
		Debug|Any CPU = Debug|Any CPU
		Release|Any CPU = Release|Any CPU
	EndGlobalSection
	GlobalSection(ProjectConfigurationPlatforms) = postSolution
		{C8873827-F4CC-4046-8509-11818AAC8240}.Debug|Any CPU.ActiveCfg = Debug|Any CPU
		{C8873827-F4CC-4046-8509-11818AAC8240}.Debug|Any CPU.Build.0 = Debug|Any CPU
		{C8873827-F4CC-4046-8509-11818AAC8240}.Release|Any CPU.ActiveCfg = Release|Any CPU
		{C8873827-F4CC-4046-8509-11818AAC8240}.Release|Any CPU.Build.0 = Release|Any CPU
	EndGlobalSection
	GlobalSection(SolutionProperties) = preSolution
		HideSolutionNode = FALSE
	EndGlobalSection
	GlobalSection(ExtensibilityGlobals) = postSolution
		SolutionGuid = {EFEFF442-5949-4E45-9FEB-09B55F28EDE3}
	EndGlobalSection
EndGlobal
