
Microsoft Visual Studio Solution File, Format Version 12.00
# Visual Studio Version 16
VisualStudioVersion = 16.0.31205.134
MinimumVisualStudioVersion = 10.0.40219.1
Project("{FAE04EC0-301F-11D3-BF4B-00C04F79EFBC}") = "segundoconst", "segundoconst\segundoconst.csproj", "{4FBFF253-E589-4064-B08B-1199640F34BA}"
EndProject
Global
	GlobalSection(SolutionConfigurationPlatforms) = preSolution
		Debug|Any CPU = Debug|Any CPU
		Release|Any CPU = Release|Any CPU
	EndGlobalSection
	GlobalSection(ProjectConfigurationPlatforms) = postSolution
		{4FBFF253-E589-4064-B08B-1199640F34BA}.Debug|Any CPU.ActiveCfg = Debug|Any CPU
		{4FBFF253-E589-4064-B08B-1199640F34BA}.Debug|Any CPU.Build.0 = Debug|Any CPU
		{4FBFF253-E589-4064-B08B-1199640F34BA}.Release|Any CPU.ActiveCfg = Release|Any CPU
		{4FBFF253-E589-4064-B08B-1199640F34BA}.Release|Any CPU.Build.0 = Release|Any CPU
	EndGlobalSection
	GlobalSection(SolutionProperties) = preSolution
		HideSolutionNode = FALSE
	EndGlobalSection
	GlobalSection(ExtensibilityGlobals) = postSolution
		SolutionGuid = {D2FC806C-5C45-4BD8-B7C6-415D4B6BDB1A}
	EndGlobalSection
EndGlobal
