
Microsoft Visual Studio Solution File, Format Version 12.00
# Visual Studio Version 16
VisualStudioVersion = 16.0.31205.134
MinimumVisualStudioVersion = 10.0.40219.1
Project("{FAE04EC0-301F-11D3-BF4B-00C04F79EFBC}") = "calculadora", "calculadora\calculadora.csproj", "{A8EA1FAB-25EE-4F3F-B6DF-63B59C48DA3E}"
EndProject
Global
	GlobalSection(SolutionConfigurationPlatforms) = preSolution
		Debug|Any CPU = Debug|Any CPU
		Release|Any CPU = Release|Any CPU
	EndGlobalSection
	GlobalSection(ProjectConfigurationPlatforms) = postSolution
		{A8EA1FAB-25EE-4F3F-B6DF-63B59C48DA3E}.Debug|Any CPU.ActiveCfg = Debug|Any CPU
		{A8EA1FAB-25EE-4F3F-B6DF-63B59C48DA3E}.Debug|Any CPU.Build.0 = Debug|Any CPU
		{A8EA1FAB-25EE-4F3F-B6DF-63B59C48DA3E}.Release|Any CPU.ActiveCfg = Release|Any CPU
		{A8EA1FAB-25EE-4F3F-B6DF-63B59C48DA3E}.Release|Any CPU.Build.0 = Release|Any CPU
	EndGlobalSection
	GlobalSection(SolutionProperties) = preSolution
		HideSolutionNode = FALSE
	EndGlobalSection
	GlobalSection(ExtensibilityGlobals) = postSolution
		SolutionGuid = {08FA0861-9D9F-4E8B-A7E9-3B8233FF6F51}
	EndGlobalSection
EndGlobal
