
Microsoft Visual Studio Solution File, Format Version 12.00
# Visual Studio Version 16
VisualStudioVersion = 16.0.31205.134
MinimumVisualStudioVersion = 10.0.40219.1
Project("{FAE04EC0-301F-11D3-BF4B-00C04F79EFBC}") = "NombreEadDni", "NombreEadDni\NombreEadDni.csproj", "{357949D5-1E09-4646-8DD7-C04A8CB6C2A8}"
EndProject
Global
	GlobalSection(SolutionConfigurationPlatforms) = preSolution
		Debug|Any CPU = Debug|Any CPU
		Release|Any CPU = Release|Any CPU
	EndGlobalSection
	GlobalSection(ProjectConfigurationPlatforms) = postSolution
		{357949D5-1E09-4646-8DD7-C04A8CB6C2A8}.Debug|Any CPU.ActiveCfg = Debug|Any CPU
		{357949D5-1E09-4646-8DD7-C04A8CB6C2A8}.Debug|Any CPU.Build.0 = Debug|Any CPU
		{357949D5-1E09-4646-8DD7-C04A8CB6C2A8}.Release|Any CPU.ActiveCfg = Release|Any CPU
		{357949D5-1E09-4646-8DD7-C04A8CB6C2A8}.Release|Any CPU.Build.0 = Release|Any CPU
	EndGlobalSection
	GlobalSection(SolutionProperties) = preSolution
		HideSolutionNode = FALSE
	EndGlobalSection
	GlobalSection(ExtensibilityGlobals) = postSolution
		SolutionGuid = {D6974C42-F872-44E7-983D-C0D30162D733}
	EndGlobalSection
EndGlobal
